
Microsoft Visual Studio Solution File, Format Version 12.00
# Visual Studio Version 17
VisualStudioVersion = 17.0.31919.166
MinimumVisualStudioVersion = 10.0.40219.1
Project("{FAE04EC0-301F-11D3-BF4B-00C04F79EFBC}") = "16.12.222", "16.12.222.csproj", "{57CCF903-7431-41D7-B795-910A19F68944}"
EndProject
Project("{2150E333-8FDC-42A3-9474-1A3956D46DE8}") = "Solution Items", "Solution Items", "{6C0839C7-7B48-494F-BC57-E046C53221C0}"
EndProject
Global
	GlobalSection(SolutionConfigurationPlatforms) = preSolution
		Debug|Any CPU = Debug|Any CPU
		Release|Any CPU = Release|Any CPU
	EndGlobalSection
	GlobalSection(ProjectConfigurationPlatforms) = postSolution
		{57CCF903-7431-41D7-B795-910A19F68944}.Debug|Any CPU.ActiveCfg = Debug|Any CPU
		{57CCF903-7431-41D7-B795-910A19F68944}.Debug|Any CPU.Build.0 = Debug|Any CPU
		{57CCF903-7431-41D7-B795-910A19F68944}.Release|Any CPU.ActiveCfg = Release|Any CPU
		{57CCF903-7431-41D7-B795-910A19F68944}.Release|Any CPU.Build.0 = Release|Any CPU
	EndGlobalSection
	GlobalSection(SolutionProperties) = preSolution
		HideSolutionNode = FALSE
	EndGlobalSection
	GlobalSection(ExtensibilityGlobals) = postSolution
		SolutionGuid = {58C895FE-F20E-44A8-8E74-15911DE92BF6}
	EndGlobalSection
EndGlobal
